
Microsoft Visual Studio Solution File, Format Version 11.00
# Visual Studio 2010
Project("{FAE04EC0-301F-11D3-BF4B-00C04F79EFBC}") = "Ice Hockey", "Assembly-CSharp.csproj", "{D87E9FF5-3784-77E7-B467-2AD0B52D6E66}"
EndProject
Global
	GlobalSection(SolutionConfigurationPlatforms) = preSolution
		Debug|Any CPU = Debug|Any CPU
		Release|Any CPU = Release|Any CPU
	EndGlobalSection
	GlobalSection(ProjectConfigurationPlatforms) = postSolution
		{D87E9FF5-3784-77E7-B467-2AD0B52D6E66}.Debug|Any CPU.ActiveCfg = Debug|Any CPU
		{D87E9FF5-3784-77E7-B467-2AD0B52D6E66}.Debug|Any CPU.Build.0 = Debug|Any CPU
		{D87E9FF5-3784-77E7-B467-2AD0B52D6E66}.Release|Any CPU.ActiveCfg = Release|Any CPU
		{D87E9FF5-3784-77E7-B467-2AD0B52D6E66}.Release|Any CPU.Build.0 = Release|Any CPU
	EndGlobalSection
	GlobalSection(SolutionProperties) = preSolution
		HideSolutionNode = FALSE
	EndGlobalSection
	GlobalSection(MonoDevelopProperties) = preSolution
		StartupItem = Assembly-CSharp.csproj
	EndGlobalSection
EndGlobal
